
Microsoft Visual Studio Solution File, Format Version 12.00
# Visual Studio 15
VisualStudioVersion = 15.0.28010.2003
MinimumVisualStudioVersion = 10.0.40219.1
Project("{9A19103F-16F7-4668-BE54-9A1E7A4F7556}") = "Template.Contracts", "Template.Contracts\Template.Contracts.csproj", "{1BF7C948-5C5F-4163-8B5F-FD50920FD641}"
EndProject
Project("{FAE04EC0-301F-11D3-BF4B-00C04F79EFBC}") = "Template.DbDomain", "Template.DbDomain\Template.DbDomain.csproj", "{9B198CE9-AE44-45CF-80E0-662F09257874}"
EndProject
Project("{FAE04EC0-301F-11D3-BF4B-00C04F79EFBC}") = "Template.Repository", "Template.Repository\Template.Repository.csproj", "{15CCDE85-25B1-4B2B-B3CA-E01127040732}"
EndProject
Project("{FAE04EC0-301F-11D3-BF4B-00C04F79EFBC}") = "Template.Extensions", "Template.Extensions\Template.Extensions.csproj", "{29417364-CD8C-49E8-B09B-C03679C1FC57}"
EndProject
Global
	GlobalSection(SolutionConfigurationPlatforms) = preSolution
		Debug|Any CPU = Debug|Any CPU
		Release|Any CPU = Release|Any CPU
	EndGlobalSection
	GlobalSection(ProjectConfigurationPlatforms) = postSolution
		{1BF7C948-5C5F-4163-8B5F-FD50920FD641}.Debug|Any CPU.ActiveCfg = Debug|Any CPU
		{1BF7C948-5C5F-4163-8B5F-FD50920FD641}.Debug|Any CPU.Build.0 = Debug|Any CPU
		{1BF7C948-5C5F-4163-8B5F-FD50920FD641}.Release|Any CPU.ActiveCfg = Release|Any CPU
		{1BF7C948-5C5F-4163-8B5F-FD50920FD641}.Release|Any CPU.Build.0 = Release|Any CPU
		{9B198CE9-AE44-45CF-80E0-662F09257874}.Debug|Any CPU.ActiveCfg = Debug|Any CPU
		{9B198CE9-AE44-45CF-80E0-662F09257874}.Debug|Any CPU.Build.0 = Debug|Any CPU
		{9B198CE9-AE44-45CF-80E0-662F09257874}.Release|Any CPU.ActiveCfg = Release|Any CPU
		{9B198CE9-AE44-45CF-80E0-662F09257874}.Release|Any CPU.Build.0 = Release|Any CPU
		{15CCDE85-25B1-4B2B-B3CA-E01127040732}.Debug|Any CPU.ActiveCfg = Debug|Any CPU
		{15CCDE85-25B1-4B2B-B3CA-E01127040732}.Debug|Any CPU.Build.0 = Debug|Any CPU
		{15CCDE85-25B1-4B2B-B3CA-E01127040732}.Release|Any CPU.ActiveCfg = Release|Any CPU
		{15CCDE85-25B1-4B2B-B3CA-E01127040732}.Release|Any CPU.Build.0 = Release|Any CPU
		{29417364-CD8C-49E8-B09B-C03679C1FC57}.Debug|Any CPU.ActiveCfg = Debug|Any CPU
		{29417364-CD8C-49E8-B09B-C03679C1FC57}.Debug|Any CPU.Build.0 = Debug|Any CPU
		{29417364-CD8C-49E8-B09B-C03679C1FC57}.Release|Any CPU.ActiveCfg = Release|Any CPU
		{29417364-CD8C-49E8-B09B-C03679C1FC57}.Release|Any CPU.Build.0 = Release|Any CPU
	EndGlobalSection
	GlobalSection(SolutionProperties) = preSolution
		HideSolutionNode = FALSE
	EndGlobalSection
	GlobalSection(ExtensibilityGlobals) = postSolution
		SolutionGuid = {2798F6CA-67F9-4F19-B893-922BD94DB984}
	EndGlobalSection
EndGlobal
